
Microsoft Visual Studio Solution File, Format Version 12.00
# Visual Studio Version 17
VisualStudioVersion = 17.2.32630.192
MinimumVisualStudioVersion = 10.0.40219.1
Project("{FAE04EC0-301F-11D3-BF4B-00C04F79EFBC}") = "TransactionsApp", "TransactionsApp\TransactionsApp.csproj", "{FF32B490-1A67-4DD5-A9EC-95BE53B7DE84}"
EndProject
Global
	GlobalSection(SolutionConfigurationPlatforms) = preSolution
		Debug|Any CPU = Debug|Any CPU
		Release|Any CPU = Release|Any CPU
	EndGlobalSection
	GlobalSection(ProjectConfigurationPlatforms) = postSolution
		{FF32B490-1A67-4DD5-A9EC-95BE53B7DE84}.Debug|Any CPU.ActiveCfg = Debug|Any CPU
		{FF32B490-1A67-4DD5-A9EC-95BE53B7DE84}.Debug|Any CPU.Build.0 = Debug|Any CPU
		{FF32B490-1A67-4DD5-A9EC-95BE53B7DE84}.Release|Any CPU.ActiveCfg = Release|Any CPU
		{FF32B490-1A67-4DD5-A9EC-95BE53B7DE84}.Release|Any CPU.Build.0 = Release|Any CPU
	EndGlobalSection
	GlobalSection(SolutionProperties) = preSolution
		HideSolutionNode = FALSE
	EndGlobalSection
	GlobalSection(ExtensibilityGlobals) = postSolution
		SolutionGuid = {036ACF15-F78E-4C42-AE9D-547AF9F574EC}
	EndGlobalSection
EndGlobal
